github.com/PurpleSec/escape v1.0.0 h1:25crJCsGmePlY6sTggm+qTg0xABcb7A0nUFgNas+N+U=
github.com/PurpleSec/escape v1.0.0/go.mod h1:y7jqOGecytNh1ROko233Z91ER9NHNuepiLgZtkrDMME=
github.com/PurpleSec/logx v1.6.0 h1:Izt49BihGlDDPjWYccIbFTVoKfjS53Uv6hDvp9rd4bE=
github.com/PurpleSec/logx v1.6.0/go.mod h1:tkLK6CqkhkRSVejDMVgZa0jTq97aRikVNjAON9iUiK0=
golang.org/x/sys v0.0.0-20220520151302-bc2c85ada10a h1:dGzPydgVsqGcTRVwiLJ1jVbufYwmzD3LfVPLKsKg+0k=
golang.org/x/sys v0.0.0-20220520151302-bc2c85ada10a/go.mod h1:oPkhp1MJrh7nUepCBck5+mAzfO9JrbApNNgaTdGDITg=
