github.com/StackExchange/wmi v0.0.0-20190523213315-cbe66965904d h1:G0m3OIz70MZUWq3EgK3CesDbo8upS2Vm9/P3FtgI+Jk=
github.com/StackExchange/wmi v0.0.0-20190523213315-cbe66965904d/go.mod h1:3eOhrUMpNV+6aFIbp5/iudMxNCF27Vw2OZgy4xEx0Fg=
github.com/davecgh/go-spew v1.1.0 h1:ZDRjVQ15GmhC3fiQ8ni8+OwkZQO4DARzQgrnXU1Liz8=
github.com/davecgh/go-spew v1.1.0/go.mod h1:J7Y8YcW2NihsgmVo/mv3lAwl/skON4iLHjSsI+c5H38=
github.com/denisbrodbeck/machineid v1.0.1 h1:geKr9qtkB876mXguW2X6TU4ZynleN6ezuMSRhl4D7AQ=
github.com/denisbrodbeck/machineid v1.0.1/go.mod h1:dJUwb7PTidGDeYyUBmXZ2GphQBbjJCrnectwCyxcUSI=
github.com/go-ole/go-ole v1.2.4 h1:nNBDSCOigTSiarFpYE9J/KtEA1IOW4CNeqT9TQDqCxI=
github.com/go-ole/go-ole v1.2.4/go.mod h1:XCwSNxSkXRo4vlyPy93sltvi/qJq0jqQhjqQNIwKuxM=
github.com/iDigitalFlame/logx v0.0.0-20191005045951-4408902ea8e6 h1:v+caZeloQvJMlKzspZWTBKieT1rWsnx0t8e4C0CeWdY=
github.com/iDigitalFlame/logx/logx v0.0.0-20190830173643-498ce301ccb3/go.mod h1:CVj7ZH5KPHNoh4WdOXH4pfaQg3YHRMaTqtAmFHvu1tI=
github.com/iDigitalFlame/logx/logx v0.0.0-20191005045951-4408902ea8e6 h1:c/GxEyURv+eyGXoaFbIEvQrIK5q0ot5rm8r71XJBkso=
github.com/iDigitalFlame/logx/logx v0.0.0-20191005045951-4408902ea8e6/go.mod h1:CVj7ZH5KPHNoh4WdOXH4pfaQg3YHRMaTqtAmFHvu1tI=
github.com/iDigitalFlame/xmt v0.0.0-20191107162505-73f6cfdfd756 h1:v9OqKDaAxIq03a0pZwTPCJXjYVnfiHjjLmhhp0+2xUI=
github.com/iDigitalFlame/xmt v0.0.0-20191223200221-890da6a15484 h1:a5i1636XYIADN4QPJ32vzpq6mGAnmyUT5RlJLkXnCFI=
github.com/iDigitalFlame/xmt/xmt v0.0.0-20191107162505-73f6cfdfd756/go.mod h1:9XQrP4Fo0VjsbOKPCcqOn7q3ngJV1CkHuNJQted0L2Q=
github.com/iDigitalFlame/xmt/xmt-c2 v0.0.0-20191223195753-09a0c22f7e76 h1:LMFCrpK/BykDCYP4AHuz4LRuX7eb6vQMLkPiDk3vD2E=
github.com/iDigitalFlame/xmt/xmt-c2 v0.0.0-20191223195753-09a0c22f7e76/go.mod h1:NgcZCSlFezp7vqh1gxeJsW3A0GPzwxNoBM/cOe1c5D0=
github.com/iDigitalFlame/xmt/xmt-com v0.0.0-20191223200221-890da6a15484 h1:CpA2aE3ymbsUEziQia+yc7oxVolxqXNaNNI2d+4f6XY=
github.com/iDigitalFlame/xmt/xmt-com v0.0.0-20191223200221-890da6a15484/go.mod h1:+r2NP6P+bBtgM1+pQ7QPsFX7oo5cBIk06DXonvNVotQ=
github.com/iDigitalFlame/xmt/xmt-crypto v0.0.0-20191223193439-90db632321c4 h1:BMisvfSOynC7/o/gbFngPswaeoIG61U6LpfkHBKWxOQ=
github.com/iDigitalFlame/xmt/xmt-crypto v0.0.0-20191223193439-90db632321c4/go.mod h1:tmcuc5T60WYQ48MSqKIQ9t1nCg65oESqbU/STCEgoI8=
github.com/iDigitalFlame/xmt/xmt-data v0.0.0-20191223193439-90db632321c4 h1:bQz4NaU+aDODrtIPwRdbG+scQWtAri5HO3hbb9H9izM=
github.com/iDigitalFlame/xmt/xmt-data v0.0.0-20191223193439-90db632321c4/go.mod h1:7FGxGlR4yU/Jhdl6MfNUdu9Zz3gyXtpprHI+t7x6G6c=
github.com/iDigitalFlame/xmt/xmt-device v0.0.0-20191223193439-90db632321c4 h1:m+84b0JcGEUB0jcQAPwxIu2qAOEPrjT3kFFCoy2G7zQ=
github.com/iDigitalFlame/xmt/xmt-device v0.0.0-20191223193439-90db632321c4/go.mod h1:OiRCGSQvM4BaoJz2M9+l/59gqGu/P1DVX/B0o6VFi2k=
github.com/iDigitalFlame/xmt/xmt-util v0.0.0-20191223193439-90db632321c4 h1:XriaSVNAUL+Y/sI0LRdzZ9cKAwNPPg6hwc0p14xAH40=
github.com/iDigitalFlame/xmt/xmt-util v0.0.0-20191223193439-90db632321c4/go.mod h1:8e1hr8d+63LSOb4CKR1PdhAFoPxwJRPSy1iRLCNMw08=
github.com/pmezard/go-difflib v1.0.0 h1:4DBwDE0NGyQoBHbLQYPwSUPoCMWR5BEzIk/f1lZbAQM=
github.com/pmezard/go-difflib v1.0.0/go.mod h1:iKH77koFhYxTK1pcRnkKkqfTogsbg7gZNVY4sRDYZ/4=
github.com/shirou/gopsutil v2.18.12+incompatible/go.mod h1:5b4v6he4MtMOwMlS0TUMTu2PcXUg8+E1lC7eC3UO/RA=
github.com/shirou/gopsutil v2.19.11+incompatible h1:lJHR0foqAjI4exXqWsU3DbH7bX1xvdhGdnXTIARA9W4=
github.com/shirou/gopsutil v2.19.11+incompatible/go.mod h1:5b4v6he4MtMOwMlS0TUMTu2PcXUg8+E1lC7eC3UO/RA=
github.com/shirou/w32 v0.0.0-20160930032740-bb4de0191aa4 h1:udFKJ0aHUL60LboW/A+DfgoHVedieIzIXE8uylPue0U=
github.com/shirou/w32 v0.0.0-20160930032740-bb4de0191aa4/go.mod h1:qsXQc7+bwAM3Q1u/4XEfrquwF8Lw7D7y5cD8CuHnfIc=
github.com/stretchr/objx v0.1.0/go.mod h1:HFkY916IF+rwdDfMAkV7OtwuqBVzrE8GR6GFx+wExME=
github.com/stretchr/testify v1.4.0 h1:2E4SXV/wtOkTonXsotYi4li6zVWxYlZuYNCXe9XRJyk=
github.com/stretchr/testify v1.4.0/go.mod h1:j7eGeouHqKxXV5pUuKE4zz7dFj8WfuZ+81PSLYec5m4=
golang.org/x/sys v0.0.0-20190826190057-c7b8b68b1456/go.mod h1:h1NjWce9XRLGQEsW7wpKNCjG9DtNlClVuFLEZdDNbEs=
golang.org/x/sys v0.0.0-20191220220014-0732a990476f h1:72l8qCJ1nGxMGH26QVBVIxKd/D34cfGt0OvrPtpemyY=
golang.org/x/sys v0.0.0-20191220220014-0732a990476f/go.mod h1:h1NjWce9XRLGQEsW7wpKNCjG9DtNlClVuFLEZdDNbEs=
gopkg.in/check.v1 v0.0.0-20161208181325-20d25e280405 h1:yhCVgyC4o1eVCa2tZl7eS0r+SDo693bJlVdllGtEeKM=
gopkg.in/check.v1 v0.0.0-20161208181325-20d25e280405/go.mod h1:Co6ibVJAznAaIkqp8huTwlJQCZ016jof/cbN4VW5Yz0=
gopkg.in/yaml.v2 v2.2.2 h1:ZCJp+EgiOT7lHqUV2J862kp8Qj64Jo6az82+3Td9dZw=
gopkg.in/yaml.v2 v2.2.2/go.mod h1:hI93XBmqTisBFMUTm0b8Fm+jr3Dg1NNxqwp+5A1VGuI=
