github.com/denisbrodbeck/machineid v1.0.1 h1:geKr9qtkB876mXguW2X6TU4ZynleN6ezuMSRhl4D7AQ=
github.com/denisbrodbeck/machineid v1.0.1/go.mod h1:dJUwb7PTidGDeYyUBmXZ2GphQBbjJCrnectwCyxcUSI=
github.com/iDigitalFlame/xmt/xmt-data v0.0.0-20191223224312-88c0aa8db40c h1:CtS8Y8X7MAFmVhPb26xa8nn8fSGWdV01Okyam49twRs=
github.com/iDigitalFlame/xmt/xmt-data v0.0.0-20191223224312-88c0aa8db40c/go.mod h1:7FGxGlR4yU/Jhdl6MfNUdu9Zz3gyXtpprHI+t7x6G6c=
golang.org/x/sys v0.0.0-20191220220014-0732a990476f h1:72l8qCJ1nGxMGH26QVBVIxKd/D34cfGt0OvrPtpemyY=
golang.org/x/sys v0.0.0-20191220220014-0732a990476f/go.mod h1:h1NjWce9XRLGQEsW7wpKNCjG9DtNlClVuFLEZdDNbEs=
