github.com/denisbrodbeck/machineid v1.0.1 h1:geKr9qtkB876mXguW2X6TU4ZynleN6ezuMSRhl4D7AQ=
github.com/denisbrodbeck/machineid v1.0.1/go.mod h1:dJUwb7PTidGDeYyUBmXZ2GphQBbjJCrnectwCyxcUSI=
github.com/iDigitalFlame/logx/logx v0.0.0-20190830173643-498ce301ccb3 h1:xJx7sahKk2DEKN337q6BJb4HQ5vwDjmI9eimHDOqmXs=
github.com/iDigitalFlame/logx/logx v0.0.0-20190830173643-498ce301ccb3/go.mod h1:CVj7ZH5KPHNoh4WdOXH4pfaQg3YHRMaTqtAmFHvu1tI=
golang.org/x/sys v0.0.0-20190826190057-c7b8b68b1456 h1:ng0gs1AKnRRuEMZoTLLlbOd+C17zUDepwGQBb/n+JVg=
golang.org/x/sys v0.0.0-20190826190057-c7b8b68b1456/go.mod h1:h1NjWce9XRLGQEsW7wpKNCjG9DtNlClVuFLEZdDNbEs=
